
Microsoft Visual Studio Solution File, Format Version 12.00
# Visual Studio Version 17
VisualStudioVersion = 17.0.31903.59
MinimumVisualStudioVersion = 10.0.40219.1
Project("{FAE04EC0-301F-11D3-BF4B-00C04F79EFBC}") = "WisdomPetMedicine.Common", "WisdomPetMedicine.Common\WisdomPetMedicine.Common.csproj", "{B792049D-2C2F-4B09-8A48-08BCD1C0E9E4}"
EndProject
Project("{FAE04EC0-301F-11D3-BF4B-00C04F79EFBC}") = "WisdomPetMedicine.Hospital.Domain", "WisdomPetMedicine.Hospital.Domain\WisdomPetMedicine.Hospital.Domain.csproj", "{199F959F-826F-4882-AE40-5AA8C2E86703}"
EndProject
Project("{FAE04EC0-301F-11D3-BF4B-00C04F79EFBC}") = "WisdomPetMedicine.Pet.Domain", "WisdomPetMedicine.Pet.Domain\WisdomPetMedicine.Pet.Domain.csproj", "{56CA578D-7F17-44A3-9C37-9446FD00CD20}"
EndProject
Project("{FAE04EC0-301F-11D3-BF4B-00C04F79EFBC}") = "WisdomPetMedicine.Rescue.Domain", "WisdomPetMedicine.Rescue.Domain\WisdomPetMedicine.Rescue.Domain.csproj", "{AEC69DF7-CFB8-4568-88FB-16E6C1D39720}"
EndProject
Project("{FAE04EC0-301F-11D3-BF4B-00C04F79EFBC}") = "WisdomPetMedicine.Rescue.Api", "WisdomPetMedicine.Rescue.Api\WisdomPetMedicine.Rescue.Api.csproj", "{64AA66B3-6B56-4B9B-A7A3-EB549791C044}"
EndProject
Project("{FAE04EC0-301F-11D3-BF4B-00C04F79EFBC}") = "WisdomPetMedicine.RescueQuery.Api", "WisdomPetMedicine.RescueQuery.Api\WisdomPetMedicine.RescueQuery.Api.csproj", "{6FCAF6AB-6CA6-4BCF-AF20-0BF4DCD59286}"
EndProject
Project("{2150E333-8FDC-42A3-9474-1A3956D46DE8}") = "Rescue", "Rescue", "{02EA681E-C7D8-13C7-8484-4AC65E1B71E8}"
EndProject
Project("{FAE04EC0-301F-11D3-BF4B-00C04F79EFBC}") = "WisdomPetMedicine.Pet.Api", "WisdomPetMedicine.Pet.Api\WisdomPetMedicine.Pet.Api.csproj", "{E5AD46A7-CDE4-4F9D-9D43-3C73261CF944}"
EndProject
Project("{2150E333-8FDC-42A3-9474-1A3956D46DE8}") = "Pet", "Pet", "{EBC8660D-A203-426C-954C-73D3263C92AB}"
EndProject
Project("{FAE04EC0-301F-11D3-BF4B-00C04F79EFBC}") = "WisdomPetMedicine.Hospital.Api", "WisdomPetMedicine.Hospital.Api\WisdomPetMedicine.Hospital.Api.csproj", "{B2D9DF89-A100-4298-971D-CA7811BF86F2}"
EndProject
Project("{FAE04EC0-301F-11D3-BF4B-00C04F79EFBC}") = "WisdomPetMedicine.Hospital.Infrastructure", "WisdomPetMedicine.Hospital.Infrastructure\WisdomPetMedicine.Hospital.Infrastructure.csproj", "{E133F819-844D-47D5-8D6B-C72E006DE6DC}"
EndProject
Global
	GlobalSection(SolutionConfigurationPlatforms) = preSolution
		Debug|Any CPU = Debug|Any CPU
		Debug|x64 = Debug|x64
		Debug|x86 = Debug|x86
		Release|Any CPU = Release|Any CPU
		Release|x64 = Release|x64
		Release|x86 = Release|x86
	EndGlobalSection
	GlobalSection(ProjectConfigurationPlatforms) = postSolution
		{B792049D-2C2F-4B09-8A48-08BCD1C0E9E4}.Debug|Any CPU.ActiveCfg = Debug|Any CPU
		{B792049D-2C2F-4B09-8A48-08BCD1C0E9E4}.Debug|Any CPU.Build.0 = Debug|Any CPU
		{B792049D-2C2F-4B09-8A48-08BCD1C0E9E4}.Debug|x64.ActiveCfg = Debug|Any CPU
		{B792049D-2C2F-4B09-8A48-08BCD1C0E9E4}.Debug|x64.Build.0 = Debug|Any CPU
		{B792049D-2C2F-4B09-8A48-08BCD1C0E9E4}.Debug|x86.ActiveCfg = Debug|Any CPU
		{B792049D-2C2F-4B09-8A48-08BCD1C0E9E4}.Debug|x86.Build.0 = Debug|Any CPU
		{B792049D-2C2F-4B09-8A48-08BCD1C0E9E4}.Release|Any CPU.ActiveCfg = Release|Any CPU
		{B792049D-2C2F-4B09-8A48-08BCD1C0E9E4}.Release|Any CPU.Build.0 = Release|Any CPU
		{B792049D-2C2F-4B09-8A48-08BCD1C0E9E4}.Release|x64.ActiveCfg = Release|Any CPU
		{B792049D-2C2F-4B09-8A48-08BCD1C0E9E4}.Release|x64.Build.0 = Release|Any CPU
		{B792049D-2C2F-4B09-8A48-08BCD1C0E9E4}.Release|x86.ActiveCfg = Release|Any CPU
		{B792049D-2C2F-4B09-8A48-08BCD1C0E9E4}.Release|x86.Build.0 = Release|Any CPU
		{199F959F-826F-4882-AE40-5AA8C2E86703}.Debug|Any CPU.ActiveCfg = Debug|Any CPU
		{199F959F-826F-4882-AE40-5AA8C2E86703}.Debug|Any CPU.Build.0 = Debug|Any CPU
		{199F959F-826F-4882-AE40-5AA8C2E86703}.Debug|x64.ActiveCfg = Debug|Any CPU
		{199F959F-826F-4882-AE40-5AA8C2E86703}.Debug|x64.Build.0 = Debug|Any CPU
		{199F959F-826F-4882-AE40-5AA8C2E86703}.Debug|x86.ActiveCfg = Debug|Any CPU
		{199F959F-826F-4882-AE40-5AA8C2E86703}.Debug|x86.Build.0 = Debug|Any CPU
		{199F959F-826F-4882-AE40-5AA8C2E86703}.Release|Any CPU.ActiveCfg = Release|Any CPU
		{199F959F-826F-4882-AE40-5AA8C2E86703}.Release|Any CPU.Build.0 = Release|Any CPU
		{199F959F-826F-4882-AE40-5AA8C2E86703}.Release|x64.ActiveCfg = Release|Any CPU
		{199F959F-826F-4882-AE40-5AA8C2E86703}.Release|x64.Build.0 = Release|Any CPU
		{199F959F-826F-4882-AE40-5AA8C2E86703}.Release|x86.ActiveCfg = Release|Any CPU
		{199F959F-826F-4882-AE40-5AA8C2E86703}.Release|x86.Build.0 = Release|Any CPU
		{56CA578D-7F17-44A3-9C37-9446FD00CD20}.Debug|Any CPU.ActiveCfg = Debug|Any CPU
		{56CA578D-7F17-44A3-9C37-9446FD00CD20}.Debug|Any CPU.Build.0 = Debug|Any CPU
		{56CA578D-7F17-44A3-9C37-9446FD00CD20}.Debug|x64.ActiveCfg = Debug|Any CPU
		{56CA578D-7F17-44A3-9C37-9446FD00CD20}.Debug|x64.Build.0 = Debug|Any CPU
		{56CA578D-7F17-44A3-9C37-9446FD00CD20}.Debug|x86.ActiveCfg = Debug|Any CPU
		{56CA578D-7F17-44A3-9C37-9446FD00CD20}.Debug|x86.Build.0 = Debug|Any CPU
		{56CA578D-7F17-44A3-9C37-9446FD00CD20}.Release|Any CPU.ActiveCfg = Release|Any CPU
		{56CA578D-7F17-44A3-9C37-9446FD00CD20}.Release|Any CPU.Build.0 = Release|Any CPU
		{56CA578D-7F17-44A3-9C37-9446FD00CD20}.Release|x64.ActiveCfg = Release|Any CPU
		{56CA578D-7F17-44A3-9C37-9446FD00CD20}.Release|x64.Build.0 = Release|Any CPU
		{56CA578D-7F17-44A3-9C37-9446FD00CD20}.Release|x86.ActiveCfg = Release|Any CPU
		{56CA578D-7F17-44A3-9C37-9446FD00CD20}.Release|x86.Build.0 = Release|Any CPU
		{AEC69DF7-CFB8-4568-88FB-16E6C1D39720}.Debug|Any CPU.ActiveCfg = Debug|Any CPU
		{AEC69DF7-CFB8-4568-88FB-16E6C1D39720}.Debug|Any CPU.Build.0 = Debug|Any CPU
		{AEC69DF7-CFB8-4568-88FB-16E6C1D39720}.Debug|x64.ActiveCfg = Debug|Any CPU
		{AEC69DF7-CFB8-4568-88FB-16E6C1D39720}.Debug|x64.Build.0 = Debug|Any CPU
		{AEC69DF7-CFB8-4568-88FB-16E6C1D39720}.Debug|x86.ActiveCfg = Debug|Any CPU
		{AEC69DF7-CFB8-4568-88FB-16E6C1D39720}.Debug|x86.Build.0 = Debug|Any CPU
		{AEC69DF7-CFB8-4568-88FB-16E6C1D39720}.Release|Any CPU.ActiveCfg = Release|Any CPU
		{AEC69DF7-CFB8-4568-88FB-16E6C1D39720}.Release|Any CPU.Build.0 = Release|Any CPU
		{AEC69DF7-CFB8-4568-88FB-16E6C1D39720}.Release|x64.ActiveCfg = Release|Any CPU
		{AEC69DF7-CFB8-4568-88FB-16E6C1D39720}.Release|x64.Build.0 = Release|Any CPU
		{AEC69DF7-CFB8-4568-88FB-16E6C1D39720}.Release|x86.ActiveCfg = Release|Any CPU
		{AEC69DF7-CFB8-4568-88FB-16E6C1D39720}.Release|x86.Build.0 = Release|Any CPU
		{64AA66B3-6B56-4B9B-A7A3-EB549791C044}.Debug|Any CPU.ActiveCfg = Debug|Any CPU
		{64AA66B3-6B56-4B9B-A7A3-EB549791C044}.Debug|Any CPU.Build.0 = Debug|Any CPU
		{64AA66B3-6B56-4B9B-A7A3-EB549791C044}.Debug|x64.ActiveCfg = Debug|Any CPU
		{64AA66B3-6B56-4B9B-A7A3-EB549791C044}.Debug|x64.Build.0 = Debug|Any CPU
		{64AA66B3-6B56-4B9B-A7A3-EB549791C044}.Debug|x86.ActiveCfg = Debug|Any CPU
		{64AA66B3-6B56-4B9B-A7A3-EB549791C044}.Debug|x86.Build.0 = Debug|Any CPU
		{64AA66B3-6B56-4B9B-A7A3-EB549791C044}.Release|Any CPU.ActiveCfg = Release|Any CPU
		{64AA66B3-6B56-4B9B-A7A3-EB549791C044}.Release|Any CPU.Build.0 = Release|Any CPU
		{64AA66B3-6B56-4B9B-A7A3-EB549791C044}.Release|x64.ActiveCfg = Release|Any CPU
		{64AA66B3-6B56-4B9B-A7A3-EB549791C044}.Release|x64.Build.0 = Release|Any CPU
		{64AA66B3-6B56-4B9B-A7A3-EB549791C044}.Release|x86.ActiveCfg = Release|Any CPU
		{64AA66B3-6B56-4B9B-A7A3-EB549791C044}.Release|x86.Build.0 = Release|Any CPU
		{6FCAF6AB-6CA6-4BCF-AF20-0BF4DCD59286}.Debug|Any CPU.ActiveCfg = Debug|Any CPU
		{6FCAF6AB-6CA6-4BCF-AF20-0BF4DCD59286}.Debug|Any CPU.Build.0 = Debug|Any CPU
		{6FCAF6AB-6CA6-4BCF-AF20-0BF4DCD59286}.Debug|x64.ActiveCfg = Debug|Any CPU
		{6FCAF6AB-6CA6-4BCF-AF20-0BF4DCD59286}.Debug|x64.Build.0 = Debug|Any CPU
		{6FCAF6AB-6CA6-4BCF-AF20-0BF4DCD59286}.Debug|x86.ActiveCfg = Debug|Any CPU
		{6FCAF6AB-6CA6-4BCF-AF20-0BF4DCD59286}.Debug|x86.Build.0 = Debug|Any CPU
		{6FCAF6AB-6CA6-4BCF-AF20-0BF4DCD59286}.Release|Any CPU.ActiveCfg = Release|Any CPU
		{6FCAF6AB-6CA6-4BCF-AF20-0BF4DCD59286}.Release|Any CPU.Build.0 = Release|Any CPU
		{6FCAF6AB-6CA6-4BCF-AF20-0BF4DCD59286}.Release|x64.ActiveCfg = Release|Any CPU
		{6FCAF6AB-6CA6-4BCF-AF20-0BF4DCD59286}.Release|x64.Build.0 = Release|Any CPU
		{6FCAF6AB-6CA6-4BCF-AF20-0BF4DCD59286}.Release|x86.ActiveCfg = Release|Any CPU
		{6FCAF6AB-6CA6-4BCF-AF20-0BF4DCD59286}.Release|x86.Build.0 = Release|Any CPU
		{E5AD46A7-CDE4-4F9D-9D43-3C73261CF944}.Debug|Any CPU.ActiveCfg = Debug|Any CPU
		{E5AD46A7-CDE4-4F9D-9D43-3C73261CF944}.Debug|Any CPU.Build.0 = Debug|Any CPU
		{E5AD46A7-CDE4-4F9D-9D43-3C73261CF944}.Debug|x64.ActiveCfg = Debug|Any CPU
		{E5AD46A7-CDE4-4F9D-9D43-3C73261CF944}.Debug|x64.Build.0 = Debug|Any CPU
		{E5AD46A7-CDE4-4F9D-9D43-3C73261CF944}.Debug|x86.ActiveCfg = Debug|Any CPU
		{E5AD46A7-CDE4-4F9D-9D43-3C73261CF944}.Debug|x86.Build.0 = Debug|Any CPU
		{E5AD46A7-CDE4-4F9D-9D43-3C73261CF944}.Release|Any CPU.ActiveCfg = Release|Any CPU
		{E5AD46A7-CDE4-4F9D-9D43-3C73261CF944}.Release|Any CPU.Build.0 = Release|Any CPU
		{E5AD46A7-CDE4-4F9D-9D43-3C73261CF944}.Release|x64.ActiveCfg = Release|Any CPU
		{E5AD46A7-CDE4-4F9D-9D43-3C73261CF944}.Release|x64.Build.0 = Release|Any CPU
		{E5AD46A7-CDE4-4F9D-9D43-3C73261CF944}.Release|x86.ActiveCfg = Release|Any CPU
		{E5AD46A7-CDE4-4F9D-9D43-3C73261CF944}.Release|x86.Build.0 = Release|Any CPU
		{B2D9DF89-A100-4298-971D-CA7811BF86F2}.Debug|Any CPU.ActiveCfg = Debug|Any CPU
		{B2D9DF89-A100-4298-971D-CA7811BF86F2}.Debug|Any CPU.Build.0 = Debug|Any CPU
		{B2D9DF89-A100-4298-971D-CA7811BF86F2}.Debug|x64.ActiveCfg = Debug|Any CPU
		{B2D9DF89-A100-4298-971D-CA7811BF86F2}.Debug|x64.Build.0 = Debug|Any CPU
		{B2D9DF89-A100-4298-971D-CA7811BF86F2}.Debug|x86.ActiveCfg = Debug|Any CPU
		{B2D9DF89-A100-4298-971D-CA7811BF86F2}.Debug|x86.Build.0 = Debug|Any CPU
		{B2D9DF89-A100-4298-971D-CA7811BF86F2}.Release|Any CPU.ActiveCfg = Release|Any CPU
		{B2D9DF89-A100-4298-971D-CA7811BF86F2}.Release|Any CPU.Build.0 = Release|Any CPU
		{B2D9DF89-A100-4298-971D-CA7811BF86F2}.Release|x64.ActiveCfg = Release|Any CPU
		{B2D9DF89-A100-4298-971D-CA7811BF86F2}.Release|x64.Build.0 = Release|Any CPU
		{B2D9DF89-A100-4298-971D-CA7811BF86F2}.Release|x86.ActiveCfg = Release|Any CPU
		{B2D9DF89-A100-4298-971D-CA7811BF86F2}.Release|x86.Build.0 = Release|Any CPU
		{E133F819-844D-47D5-8D6B-C72E006DE6DC}.Debug|Any CPU.ActiveCfg = Debug|Any CPU
		{E133F819-844D-47D5-8D6B-C72E006DE6DC}.Debug|Any CPU.Build.0 = Debug|Any CPU
		{E133F819-844D-47D5-8D6B-C72E006DE6DC}.Debug|x64.ActiveCfg = Debug|Any CPU
		{E133F819-844D-47D5-8D6B-C72E006DE6DC}.Debug|x64.Build.0 = Debug|Any CPU
		{E133F819-844D-47D5-8D6B-C72E006DE6DC}.Debug|x86.ActiveCfg = Debug|Any CPU
		{E133F819-844D-47D5-8D6B-C72E006DE6DC}.Debug|x86.Build.0 = Debug|Any CPU
		{E133F819-844D-47D5-8D6B-C72E006DE6DC}.Release|Any CPU.ActiveCfg = Release|Any CPU
		{E133F819-844D-47D5-8D6B-C72E006DE6DC}.Release|Any CPU.Build.0 = Release|Any CPU
		{E133F819-844D-47D5-8D6B-C72E006DE6DC}.Release|x64.ActiveCfg = Release|Any CPU
		{E133F819-844D-47D5-8D6B-C72E006DE6DC}.Release|x64.Build.0 = Release|Any CPU
		{E133F819-844D-47D5-8D6B-C72E006DE6DC}.Release|x86.ActiveCfg = Release|Any CPU
		{E133F819-844D-47D5-8D6B-C72E006DE6DC}.Release|x86.Build.0 = Release|Any CPU
	EndGlobalSection
	GlobalSection(SolutionProperties) = preSolution
		HideSolutionNode = FALSE
	EndGlobalSection
	GlobalSection(NestedProjects) = preSolution
		{56CA578D-7F17-44A3-9C37-9446FD00CD20} = {EBC8660D-A203-426C-954C-73D3263C92AB}
		{AEC69DF7-CFB8-4568-88FB-16E6C1D39720} = {02EA681E-C7D8-13C7-8484-4AC65E1B71E8}
		{64AA66B3-6B56-4B9B-A7A3-EB549791C044} = {02EA681E-C7D8-13C7-8484-4AC65E1B71E8}
		{6FCAF6AB-6CA6-4BCF-AF20-0BF4DCD59286} = {02EA681E-C7D8-13C7-8484-4AC65E1B71E8}
		{E5AD46A7-CDE4-4F9D-9D43-3C73261CF944} = {EBC8660D-A203-426C-954C-73D3263C92AB}
	EndGlobalSection
EndGlobal
